Microsoft Visual Studio Solution File, Format Version 12.00
# Visual Studio Version 17
VisualStudioVersion = 17.5.2.0
MinimumVisualStudioVersion = 10.0.40219.1
Project("{FAE04EC0-301F-11D3-BF4B-00C04F79EFBC}") = "server-dotnet", "server-dotnet\server-dotnet.csproj", "{AA9D9A3F-BECA-251F-2707-6541033999C3}"
EndProject
Global
	GlobalSection(SolutionConfigurationPlatforms) = preSolution
		Debug|Any CPU = Debug|Any CPU
		Release|Any CPU = Release|Any CPU
	EndGlobalSection
	GlobalSection(ProjectConfigurationPlatforms) = postSolution
		{AA9D9A3F-BECA-251F-2707-6541033999C3}.Debug|Any CPU.ActiveCfg = Debug|Any CPU
		{AA9D9A3F-BECA-251F-2707-6541033999C3}.Debug|Any CPU.Build.0 = Debug|Any CPU
		{AA9D9A3F-BECA-251F-2707-6541033999C3}.Release|Any CPU.ActiveCfg = Release|Any CPU
		{AA9D9A3F-BECA-251F-2707-6541033999C3}.Release|Any CPU.Build.0 = Release|Any CPU
	EndGlobalSection
	GlobalSection(SolutionProperties) = preSolution
		HideSolutionNode = FALSE
	EndGlobalSection
	GlobalSection(ExtensibilityGlobals) = postSolution
		SolutionGuid = {DA2B0BD0-E0DF-4547-9E2A-8324159605E2}
	EndGlobalSection
EndGlobal
